// !$*UTF8*$!
{
	archiveVersion = 1;
	classes = {
	};
	objectVersion = 51;
	objects = {

/* Begin PBXBuildFile section */
		971C89267FAFB6C2784D25C8 /* Pods_FlixUITests.framework in Frameworks */ = {isa = PBXBuildFile; fileRef = 602E9ED810B11CF54AED3FAD /* Pods_FlixUITests.framework */; };
		A41F694260283C801A42E27D /* Pods_FlixTests.framework in Frameworks */ = {isa = PBXBuildFile; fileRef = BDAD270F498FEE11C7FC3681 /* Pods_FlixTests.framework */; };
		C027E4AA22C598290043F5C5 /* SuperheroCollectionViewCell.m in Sources */ = {isa = PBXBuildFile; fileRef = C027E4A922C598290043F5C5 /* SuperheroCollectionViewCell.m */; };
		C02AFA1E22C3EADD000CDA04 /* AppDelegate.m in Sources */ = {isa = PBXBuildFile; fileRef = C02AFA1D22C3EADD000CDA04 /* AppDelegate.m */; };
		C02AFA2422C3EADD000CDA04 /* Main.storyboard in Resources */ = {isa = PBXBuildFile; fileRef = C02AFA2222C3EADD000CDA04 /* Main.storyboard */; };
		C02AFA2622C3EADE000CDA04 /* Assets.xcassets in Resources */ = {isa = PBXBuildFile; fileRef = C02AFA2522C3EADE000CDA04 /* Assets.xcassets */; };
		C02AFA2922C3EADE000CDA04 /* LaunchScreen.storyboard in Resources */ = {isa = PBXBuildFile; fileRef = C02AFA2722C3EADE000CDA04 /* LaunchScreen.storyboard */; };
		C02AFA2C22C3EADE000CDA04 /* main.m in Sources */ = {isa = PBXBuildFile; fileRef = C02AFA2B22C3EADE000CDA04 /* main.m */; };
		C02AFA3622C3EADE000CDA04 /* FlixTests.m in Sources */ = {isa = PBXBuildFile; fileRef = C02AFA3522C3EADE000CDA04 /* FlixTests.m */; };
		C02AFA4122C3EADE000CDA04 /* FlixUITests.m in Sources */ = {isa = PBXBuildFile; fileRef = C02AFA4022C3EADE000CDA04 /* FlixUITests.m */; };
		C02AFA5022C3F65F000CDA04 /* MoviesViewController.m in Sources */ = {isa = PBXBuildFile; fileRef = C02AFA4F22C3F65F000CDA04 /* MoviesViewController.m */; };
		C02AFA5722C41C48000CDA04 /* MovieCell.m in Sources */ = {isa = PBXBuildFile; fileRef = C02AFA5622C41C48000CDA04 /* MovieCell.m */; };
		C02AFA5A22C4397F000CDA04 /* DetailsViewController.m in Sources */ = {isa = PBXBuildFile; fileRef = C02AFA5922C4397F000CDA04 /* DetailsViewController.m */; };
		C02AFA5D22C44308000CDA04 /* MoviesGridViewController.m in Sources */ = {isa = PBXBuildFile; fileRef = C02AFA5C22C44308000CDA04 /* MoviesGridViewController.m */; };
		C02AFA6022C44496000CDA04 /* MovieCollectionCell.m in Sources */ = {isa = PBXBuildFile; fileRef = C02AFA5F22C44496000CDA04 /* MovieCollectionCell.m */; };
		C0CC92C222C5931400880B41 /* SuperheroGridViewController.m in Sources */ = {isa = PBXBuildFile; fileRef = C0CC92C122C5931400880B41 /* SuperheroGridViewController.m */; };
		CA146E446327974FA6E1D05D /* Pods_Flix.framework in Frameworks */ = {isa = PBXBuildFile; fileRef = 114AD6BD42F02EAA771D9946 /* Pods_Flix.framework */; };
/* End PBXBuildFile section */

/* Begin PBXContainerItemProxy section */
		C02AFA3222C3EADE000CDA04 /* PBXContainerItemProxy */ = {
			isa = PBXContainerItemProxy;
			containerPortal = C02AFA1122C3EADD000CDA04 /* Project object */;
			proxyType = 1;
			remoteGlobalIDString = C02AFA1822C3EADD000CDA04;
			remoteInfo = Flix;
		};
		C02AFA3D22C3EADE000CDA04 /* PBXContainerItemProxy */ = {
			isa = PBXContainerItemProxy;
			containerPortal = C02AFA1122C3EADD000CDA04 /* Project object */;
			proxyType = 1;
			remoteGlobalIDString = C02AFA1822C3EADD000CDA04;
			remoteInfo = Flix;
		};
/* End PBXContainerItemProxy section */

/* Begin PBXFileReference section */
		114AD6BD42F02EAA771D9946 /* Pods_Flix.framework */ = {isa = PBXFileReference; explicitFileType = wrapper.framework; includeInIndex = 0; path = Pods_Flix.framework; sourceTree = BUILT_PRODUCTS_DIR; };
		19559693507E8046021D86B1 /* Pods-FlixUITests.debug.xcconfig */ = {isa = PBXFileReference; includeInIndex = 1; lastKnownFileType = text.xcconfig; name = "Pods-FlixUITests.debug.xcconfig"; path = "Target Support Files/Pods-FlixUITests/Pods-FlixUITests.debug.xcconfig"; sourceTree = "<group>"; };
		427EF9CACA5C1028F9DFD6B5 /* Pods-FlixUITests.release.xcconfig */ = {isa = PBXFileReference; includeInIndex = 1; lastKnownFileType = text.xcconfig; name = "Pods-FlixUITests.release.xcconfig"; path = "Target Support Files/Pods-FlixUITests/Pods-FlixUITests.release.xcconfig"; sourceTree = "<group>"; };
		56E0A136EE0C631984F3A343 /* Pods-FlixTests.debug.xcconfig */ = {isa = PBXFileReference; includeInIndex = 1; lastKnownFileType = text.xcconfig; name = "Pods-FlixTests.debug.xcconfig"; path = "Target Support Files/Pods-FlixTests/Pods-FlixTests.debug.xcconfig"; sourceTree = "<group>"; };
		602E9ED810B11CF54AED3FAD /* Pods_FlixUITests.framework */ = {isa = PBXFileReference; explicitFileType = wrapper.framework; includeInIndex = 0; path = Pods_FlixUITests.framework; sourceTree = BUILT_PRODUCTS_DIR; };
		823F3EEBD5E27701FDFDF3A0 /* Pods-Flix.release.xcconfig */ = {isa = PBXFileReference; includeInIndex = 1; lastKnownFileType = text.xcconfig; name = "Pods-Flix.release.xcconfig"; path = "Target Support Files/Pods-Flix/Pods-Flix.release.xcconfig"; sourceTree = "<group>"; };
		84D19CE7399C4E11B92EC1D1 /* Pods-Flix.debug.xcconfig */ = {isa = PBXFileReference; includeInIndex = 1; lastKnownFileType = text.xcconfig; name = "Pods-Flix.debug.xcconfig"; path = "Target Support Files/Pods-Flix/Pods-Flix.debug.xcconfig"; sourceTree = "<group>"; };
		BDAD270F498FEE11C7FC3681 /* Pods_FlixTests.framework */ = {isa = PBXFileReference; explicitFileType = wrapper.framework; includeInIndex = 0; path = Pods_FlixTests.framework; sourceTree = BUILT_PRODUCTS_DIR; };
		C027E4A822C598290043F5C5 /* SuperheroCollectionViewCell.h */ = {isa = PBXFileReference; lastKnownFileType = sourcecode.c.h; path = SuperheroCollectionViewCell.h; sourceTree = "<group>"; };
		C027E4A922C598290043F5C5 /* SuperheroCollectionViewCell.m */ = {isa = PBXFileReference; lastKnownFileType = sourcecode.c.objc; path = SuperheroCollectionViewCell.m; sourceTree = "<group>"; };
		C02AFA1922C3EADD000CDA04 /* Flix.app */ = {isa = PBXFileReference; explicitFileType = wrapper.application; includeInIndex = 0; path = Flix.app; sourceTree = BUILT_PRODUCTS_DIR; };
		C02AFA1C22C3EADD000CDA04 /* AppDelegate.h */ = {isa = PBXFileReference; lastKnownFileType = sourcecode.c.h; path = AppDelegate.h; sourceTree = "<group>"; };
		C02AFA1D22C3EADD000CDA04 /* AppDelegate.m */ = {isa = PBXFileReference; lastKnownFileType = sourcecode.c.objc; path = AppDelegate.m; sourceTree = "<group>"; };
		C02AFA2322C3EADD000CDA04 /* Base */ = {isa = PBXFileReference; lastKnownFileType = file.storyboard; name = Base; path = Base.lproj/Main.storyboard; sourceTree = "<group>"; };
		C02AFA2522C3EADE000CDA04 /* Assets.xcassets */ = {isa = PBXFileReference; lastKnownFileType = folder.assetcatalog; path = Assets.xcassets; sourceTree = "<group>"; };
		C02AFA2822C3EADE000CDA04 /* Base */ = {isa = PBXFileReference; lastKnownFileType = file.storyboard; name = Base; path = Base.lproj/LaunchScreen.storyboard; sourceTree = "<group>"; };
		C02AFA2A22C3EADE000CDA04 /* Info.plist */ = {isa = PBXFileReference; lastKnownFileType = text.plist.xml; path = Info.plist; sourceTree = "<group>"; };
		C02AFA2B22C3EADE000CDA04 /* main.m */ = {isa = PBXFileReference; lastKnownFileType = sourcecode.c.objc; path = main.m; sourceTree = "<group>"; };
		C02AFA3122C3EADE000CDA04 /* FlixTests.xctest */ = {isa = PBXFileReference; explicitFileType = wrapper.cfbundle; includeInIndex = 0; path = FlixTests.xctest; sourceTree = BUILT_PRODUCTS_DIR; };
		C02AFA3522C3EADE000CDA04 /* FlixTests.m */ = {isa = PBXFileReference; lastKnownFileType = sourcecode.c.objc; path = FlixTests.m; sourceTree = "<group>"; };
		C02AFA3722C3EADE000CDA04 /* Info.plist */ = {isa = PBXFileReference; lastKnownFileType = text.plist.xml; path = Info.plist; sourceTree = "<group>"; };
		C02AFA3C22C3EADE000CDA04 /* FlixUITests.xctest */ = {isa = PBXFileReference; explicitFileType = wrapper.cfbundle; includeInIndex = 0; path = FlixUITests.xctest; sourceTree = BUILT_PRODUCTS_DIR; };
		C02AFA4022C3EADE000CDA04 /* FlixUITests.m */ = {isa = PBXFileReference; lastKnownFileType = sourcecode.c.objc; path = FlixUITests.m; sourceTree = "<group>"; };
		C02AFA4222C3EADE000CDA04 /* Info.plist */ = {isa = PBXFileReference; lastKnownFileType = text.plist.xml; path = Info.plist; sourceTree = "<group>"; };
		C02AFA4E22C3F65F000CDA04 /* MoviesViewController.h */ = {isa = PBXFileReference; lastKnownFileType = sourcecode.c.h; path = MoviesViewController.h; sourceTree = "<group>"; };
		C02AFA4F22C3F65F000CDA04 /* MoviesViewController.m */ = {isa = PBXFileReference; lastKnownFileType = sourcecode.c.objc; path = MoviesViewController.m; sourceTree = "<group>"; };
		C02AFA5522C41C48000CDA04 /* MovieCell.h */ = {isa = PBXFileReference; lastKnownFileType = sourcecode.c.h; path = MovieCell.h; sourceTree = "<group>"; };
		C02AFA5622C41C48000CDA04 /* MovieCell.m */ = {isa = PBXFileReference; lastKnownFileType = sourcecode.c.objc; path = MovieCell.m; sourceTree = "<group>"; };
		C02AFA5822C4397F000CDA04 /* DetailsViewController.h */ = {isa = PBXFileReference; lastKnownFileType = sourcecode.c.h; path = DetailsViewController.h; sourceTree = "<group>"; };
		C02AFA5922C4397F000CDA04 /* DetailsViewController.m */ = {isa = PBXFileReference; lastKnownFileType = sourcecode.c.objc; path = DetailsViewController.m; sourceTree = "<group>"; };
		C02AFA5B22C44308000CDA04 /* MoviesGridViewController.h */ = {isa = PBXFileReference; lastKnownFileType = sourcecode.c.h; path = MoviesGridViewController.h; sourceTree = "<group>"; };
		C02AFA5C22C44308000CDA04 /* MoviesGridViewController.m */ = {isa = PBXFileReference; lastKnownFileType = sourcecode.c.objc; path = MoviesGridViewController.m; sourceTree = "<group>"; };
		C02AFA5E22C44496000CDA04 /* MovieCollectionCell.h */ = {isa = PBXFileReference; lastKnownFileType = sourcecode.c.h; path = MovieCollectionCell.h; sourceTree = "<group>"; };
		C02AFA5F22C44496000CDA04 /* MovieCollectionCell.m */ = {isa = PBXFileReference; lastKnownFileType = sourcecode.c.objc; path = MovieCollectionCell.m; sourceTree = "<group>"; };
		C0CC92C022C5931400880B41 /* SuperheroGridViewController.h */ = {isa = PBXFileReference; lastKnownFileType = sourcecode.c.h; path = SuperheroGridViewController.h; sourceTree = "<group>"; };
		C0CC92C122C5931400880B41 /* SuperheroGridViewController.m */ = {isa = PBXFileReference; lastKnownFileType = sourcecode.c.objc; path = SuperheroGridViewController.m; sourceTree = "<group>"; };
		D7047480E012E12BFB2A16AF /* Pods-FlixTests.release.xcconfig */ = {isa = PBXFileReference; includeInIndex = 1; lastKnownFileType = text.xcconfig; name = "Pods-FlixTests.release.xcconfig"; path = "Target Support Files/Pods-FlixTests/Pods-FlixTests.release.xcconfig"; sourceTree = "<group>"; };
/* End PBXFileReference section */

/* Begin PBXFrameworksBuildPhase section */
		C02AFA1622C3EADD000CDA04 /* Frameworks */ = {
			isa = PBXFrameworksBuildPhase;
			buildActionMask = 2147483647;
			files = (
				CA146E446327974FA6E1D05D /* Pods_Flix.framework in Frameworks */,
			);
			runOnlyForDeploymentPostprocessing = 0;
		};
		C02AFA2E22C3EADE000CDA04 /* Frameworks */ = {
			isa = PBXFrameworksBuildPhase;
			buildActionMask = 2147483647;
			files = (
				A41F694260283C801A42E27D /* Pods_FlixTests.framework in Frameworks */,
			);
			runOnlyForDeploymentPostprocessing = 0;
		};
		C02AFA3922C3EADE000CDA04 /* Frameworks */ = {
			isa = PBXFrameworksBuildPhase;
			buildActionMask = 2147483647;
			files = (
				971C89267FAFB6C2784D25C8 /* Pods_FlixUITests.framework in Frameworks */,
			);
			runOnlyForDeploymentPostprocessing = 0;
		};
/* End PBXFrameworksBuildPhase section */

/* Begin PBXGroup section */
		251BAA5FC006D6639794F1B9 /* Pods */ = {
			isa = PBXGroup;
			children = (
				84D19CE7399C4E11B92EC1D1 /* Pods-Flix.debug.xcconfig */,
				823F3EEBD5E27701FDFDF3A0 /* Pods-Flix.release.xcconfig */,
				56E0A136EE0C631984F3A343 /* Pods-FlixTests.debug.xcconfig */,
				D7047480E012E12BFB2A16AF /* Pods-FlixTests.release.xcconfig */,
				19559693507E8046021D86B1 /* Pods-FlixUITests.debug.xcconfig */,
				427EF9CACA5C1028F9DFD6B5 /* Pods-FlixUITests.release.xcconfig */,
			);
			path = Pods;
			sourceTree = "<group>";
		};
		C02AFA1022C3EADD000CDA04 = {
			isa = PBXGroup;
			children = (
				C02AFA1B22C3EADD000CDA04 /* Flix */,
				C02AFA3422C3EADE000CDA04 /* FlixTests */,
				C02AFA3F22C3EADE000CDA04 /* FlixUITests */,
				C02AFA1A22C3EADD000CDA04 /* Products */,
				251BAA5FC006D6639794F1B9 /* Pods */,
				E3B75B8B5876A6177B754AA0 /* Frameworks */,
			);
			sourceTree = "<group>";
		};
		C02AFA1A22C3EADD000CDA04 /* Products */ = {
			isa = PBXGroup;
			children = (
				C02AFA1922C3EADD000CDA04 /* Flix.app */,
				C02AFA3122C3EADE000CDA04 /* FlixTests.xctest */,
				C02AFA3C22C3EADE000CDA04 /* FlixUITests.xctest */,
			);
			name = Products;
			sourceTree = "<group>";
		};
		C02AFA1B22C3EADD000CDA04 /* Flix */ = {
			isa = PBXGroup;
			children = (
				C02AFA5422C3F78D000CDA04 /* Models */,
				C02AFA5322C3F787000CDA04 /* Views */,
				C02AFA5222C3F77D000CDA04 /* View Controllers */,
				C02AFA1C22C3EADD000CDA04 /* AppDelegate.h */,
				C02AFA2222C3EADD000CDA04 /* Main.storyboard */,
				C02AFA2522C3EADE000CDA04 /* Assets.xcassets */,
				C02AFA2722C3EADE000CDA04 /* LaunchScreen.storyboard */,
				C02AFA1D22C3EADD000CDA04 /* AppDelegate.m */,
				C02AFA2A22C3EADE000CDA04 /* Info.plist */,
				C02AFA2B22C3EADE000CDA04 /* main.m */,
			);
			path = Flix;
			sourceTree = "<group>";
		};
		C02AFA3422C3EADE000CDA04 /* FlixTests */ = {
			isa = PBXGroup;
			children = (
				C02AFA3522C3EADE000CDA04 /* FlixTests.m */,
				C02AFA3722C3EADE000CDA04 /* Info.plist */,
			);
			path = FlixTests;
			sourceTree = "<group>";
		};
		C02AFA3F22C3EADE000CDA04 /* FlixUITests */ = {
			isa = PBXGroup;
			children = (
				C02AFA4022C3EADE000CDA04 /* FlixUITests.m */,
				C02AFA4222C3EADE000CDA04 /* Info.plist */,
			);
			path = FlixUITests;
			sourceTree = "<group>";
		};
		C02AFA5222C3F77D000CDA04 /* View Controllers */ = {
			isa = PBXGroup;
			children = (
				C02AFA4E22C3F65F000CDA04 /* MoviesViewController.h */,
				C02AFA4F22C3F65F000CDA04 /* MoviesViewController.m */,
				C02AFA5822C4397F000CDA04 /* DetailsViewController.h */,
				C02AFA5922C4397F000CDA04 /* DetailsViewController.m */,
				C02AFA5B22C44308000CDA04 /* MoviesGridViewController.h */,
				C02AFA5C22C44308000CDA04 /* MoviesGridViewController.m */,
				C0CC92C022C5931400880B41 /* SuperheroGridViewController.h */,
				C0CC92C122C5931400880B41 /* SuperheroGridViewController.m */,
			);
			path = "View Controllers";
			sourceTree = "<group>";
		};
		C02AFA5322C3F787000CDA04 /* Views */ = {
			isa = PBXGroup;
			children = (
				C02AFA5522C41C48000CDA04 /* MovieCell.h */,
				C02AFA5622C41C48000CDA04 /* MovieCell.m */,
				C02AFA5E22C44496000CDA04 /* MovieCollectionCell.h */,
				C02AFA5F22C44496000CDA04 /* MovieCollectionCell.m */,
				C027E4A822C598290043F5C5 /* SuperheroCollectionViewCell.h */,
				C027E4A922C598290043F5C5 /* SuperheroCollectionViewCell.m */,
			);
			path = Views;
			sourceTree = "<group>";
		};
		C02AFA5422C3F78D000CDA04 /* Models */ = {
			isa = PBXGroup;
			children = (
			);
			path = Models;
			sourceTree = "<group>";
		};
		E3B75B8B5876A6177B754AA0 /* Frameworks */ = {
			isa = PBXGroup;
			children = (
				114AD6BD42F02EAA771D9946 /* Pods_Flix.framework */,
				BDAD270F498FEE11C7FC3681 /* Pods_FlixTests.framework */,
				602E9ED810B11CF54AED3FAD /* Pods_FlixUITests.framework */,
			);
			name = Frameworks;
			sourceTree = "<group>";
		};
/* End PBXGroup section */

/* Begin PBXNativeTarget section */
		C02AFA1822C3EADD000CDA04 /* Flix */ = {
			isa = PBXNativeTarget;
			buildConfigurationList = C02AFA4522C3EADE000CDA04 /* Build configuration list for PBXNativeTarget "Flix" */;
			buildPhases = (
				187A0E9BA027CC0D1531A75C /* [CP] Check Pods Manifest.lock */,
				C02AFA1522C3EADD000CDA04 /* Sources */,
				C02AFA1622C3EADD000CDA04 /* Frameworks */,
				C02AFA1722C3EADD000CDA04 /* Resources */,
				A48C210E5558EFC628ACDAB4 /* [CP] Embed Pods Frameworks */,
			);
			buildRules = (
			);
			dependencies = (
			);
			name = Flix;
			productName = Flix;
			productReference = C02AFA1922C3EADD000CDA04 /* Flix.app */;
			productType = "com.apple.product-type.application";
		};
		C02AFA3022C3EADE000CDA04 /* FlixTests */ = {
			isa = PBXNativeTarget;
			buildConfigurationList = C02AFA4822C3EADE000CDA04 /* Build configuration list for PBXNativeTarget "FlixTests" */;
			buildPhases = (
				F1C3E7A9E412B0694327899D /* [CP] Check Pods Manifest.lock */,
				C02AFA2D22C3EADE000CDA04 /* Sources */,
				C02AFA2E22C3EADE000CDA04 /* Frameworks */,
				C02AFA2F22C3EADE000CDA04 /* Resources */,
			);
			buildRules = (
			);
			dependencies = (
				C02AFA3322C3EADE000CDA04 /* PBXTargetDependency */,
			);
			name = FlixTests;
			productName = FlixTests;
			productReference = C02AFA3122C3EADE000CDA04 /* FlixTests.xctest */;
			productType = "com.apple.product-type.bundle.unit-test";
		};
		C02AFA3B22C3EADE000CDA04 /* FlixUITests */ = {
			isa = PBXNativeTarget;
			buildConfigurationList = C02AFA4B22C3EADE000CDA04 /* Build configuration list for PBXNativeTarget "FlixUITests" */;
			buildPhases = (
				EBA07CC363F91E43107592D7 /* [CP] Check Pods Manifest.lock */,
				C02AFA3822C3EADE000CDA04 /* Sources */,
				C02AFA3922C3EADE000CDA04 /* Frameworks */,
				C02AFA3A22C3EADE000CDA04 /* Resources */,
			);
			buildRules = (
			);
			dependencies = (
				C02AFA3E22C3EADE000CDA04 /* PBXTargetDependency */,
			);
			name = FlixUITests;
			productName = FlixUITests;
			productReference = C02AFA3C22C3EADE000CDA04 /* FlixUITests.xctest */;
			productType = "com.apple.product-type.bundle.ui-testing";
		};
/* End PBXNativeTarget section */

/* Begin PBXProject section */
		C02AFA1122C3EADD000CDA04 /* Project object */ = {
			isa = PBXProject;
			attributes = {
				LastUpgradeCheck = 1020;
				ORGANIZATIONNAME = aliu18;
				TargetAttributes = {
					C02AFA1822C3EADD000CDA04 = {
						CreatedOnToolsVersion = 10.2.1;
					};
					C02AFA3022C3EADE000CDA04 = {
						CreatedOnToolsVersion = 10.2.1;
						TestTargetID = C02AFA1822C3EADD000CDA04;
					};
					C02AFA3B22C3EADE000CDA04 = {
						CreatedOnToolsVersion = 10.2.1;
						TestTargetID = C02AFA1822C3EADD000CDA04;
					};
				};
			};
			buildConfigurationList = C02AFA1422C3EADD000CDA04 /* Build configuration list for PBXProject "Flix" */;
			compatibilityVersion = "Xcode 9.3";
			developmentRegion = en;
			hasScannedForEncodings = 0;
			knownRegions = (
				en,
				Base,
			);
			mainGroup = C02AFA1022C3EADD000CDA04;
			productRefGroup = C02AFA1A22C3EADD000CDA04 /* Products */;
			projectDirPath = "";
			projectRoot = "";
			targets = (
				C02AFA1822C3EADD000CDA04 /* Flix */,
				C02AFA3022C3EADE000CDA04 /* FlixTests */,
				C02AFA3B22C3EADE000CDA04 /* FlixUITests */,
			);
		};
/* End PBXProject section */

/* Begin PBXResourcesBuildPhase section */
		C02AFA1722C3EADD000CDA04 /* Resources */ = {
			isa = PBXResourcesBuildPhase;
			buildActionMask = 2147483647;
			files = (
				C02AFA2922C3EADE000CDA04 /* LaunchScreen.storyboard in Resources */,
				C02AFA2622C3EADE000CDA04 /* Assets.xcassets in Resources */,
				C02AFA2422C3EADD000CDA04 /* Main.storyboard in Resources */,
			);
			runOnlyForDeploymentPostprocessing = 0;
		};
		C02AFA2F22C3EADE000CDA04 /* Resources */ = {
			isa = PBXResourcesBuildPhase;
			buildActionMask = 2147483647;
			files = (
			);
			runOnlyForDeploymentPostprocessing = 0;
		};
		C02AFA3A22C3EADE000CDA04 /* Resources */ = {
			isa = PBXResourcesBuildPhase;
			buildActionMask = 2147483647;
			files = (
			);
			runOnlyForDeploymentPostprocessing = 0;
		};
/* End PBXResourcesBuildPhase section */

/* Begin PBXShellScriptBuildPhase section */
		187A0E9BA027CC0D1531A75C /* [CP] Check Pods Manifest.lock */ = {
			isa = PBXShellScriptBuildPhase;
			buildActionMask = 2147483647;
			files = (
			);
			inputFileListPaths = (
			);
			inputPaths = (
				"${PODS_PODFILE_DIR_PATH}/Podfile.lock",
				"${PODS_ROOT}/Manifest.lock",
			);
			name = "[CP] Check Pods Manifest.lock";
			outputFileListPaths = (
			);
			outputPaths = (
				"$(DERIVED_FILE_DIR)/Pods-Flix-checkManifestLockResult.txt",
			);
			runOnlyForDeploymentPostprocessing = 0;
			shellPath = /bin/sh;
			shellScript = "diff \"${PODS_PODFILE_DIR_PATH}/Podfile.lock\" \"${PODS_ROOT}/Manifest.lock\" > /dev/null\nif [ $? != 0 ] ; then\n    # print error to STDERR\n    echo \"error: The sandbox is not in sync with the Podfile.lock. Run 'pod install' or update your CocoaPods installation.\" >&2\n    exit 1\nfi\n# This output is used by Xcode 'outputs' to avoid re-running this script phase.\necho \"SUCCESS\" > \"${SCRIPT_OUTPUT_FILE_0}\"\n";
			showEnvVarsInLog = 0;
		};
		A48C210E5558EFC628ACDAB4 /* [CP] Embed Pods Frameworks */ = {
			isa = PBXShellScriptBuildPhase;
			buildActionMask = 2147483647;
			files = (
			);
			inputFileListPaths = (
				"${PODS_ROOT}/Target Support Files/Pods-Flix/Pods-Flix-frameworks-${CONFIGURATION}-input-files.xcfilelist",
			);
			name = "[CP] Embed Pods Frameworks";
			outputFileListPaths = (
				"${PODS_ROOT}/Target Support Files/Pods-Flix/Pods-Flix-frameworks-${CONFIGURATION}-output-files.xcfilelist",
			);
			runOnlyForDeploymentPostprocessing = 0;
			shellPath = /bin/sh;
			shellScript = "\"${PODS_ROOT}/Target Support Files/Pods-Flix/Pods-Flix-frameworks.sh\"\n";
			showEnvVarsInLog = 0;
		};
		EBA07CC363F91E43107592D7 /* [CP] Check Pods Manifest.lock */ = {
			isa = PBXShellScriptBuildPhase;
			buildActionMask = 2147483647;
			files = (
			);
			inputFileListPaths = (
			);
			inputPaths = (
				"${PODS_PODFILE_DIR_PATH}/Podfile.lock",
				"${PODS_ROOT}/Manifest.lock",
			);
			name = "[CP] Check Pods Manifest.lock";
			outputFileListPaths = (
			);
			outputPaths = (
				"$(DERIVED_FILE_DIR)/Pods-FlixUITests-checkManifestLockResult.txt",
			);
			runOnlyForDeploymentPostprocessing = 0;
			shellPath = /bin/sh;
			shellScript = "diff \"${PODS_PODFILE_DIR_PATH}/Podfile.lock\" \"${PODS_ROOT}/Manifest.lock\" > /dev/null\nif [ $? != 0 ] ; then\n    # print error to STDERR\n    echo \"error: The sandbox is not in sync with the Podfile.lock. Run 'pod install' or update your CocoaPods installation.\" >&2\n    exit 1\nfi\n# This output is used by Xcode 'outputs' to avoid re-running this script phase.\necho \"SUCCESS\" > \"${SCRIPT_OUTPUT_FILE_0}\"\n";
			showEnvVarsInLog = 0;
		};
		F1C3E7A9E412B0694327899D /* [CP] Check Pods Manifest.lock */ = {
			isa = PBXShellScriptBuildPhase;
			buildActionMask = 2147483647;
			files = (
			);
			inputFileListPaths = (
			);
			inputPaths = (
				"${PODS_PODFILE_DIR_PATH}/Podfile.lock",
				"${PODS_ROOT}/Manifest.lock",
			);
			name = "[CP] Check Pods Manifest.lock";
			outputFileListPaths = (
			);
			outputPaths = (
				"$(DERIVED_FILE_DIR)/Pods-FlixTests-checkManifestLockResult.txt",
			);
			runOnlyForDeploymentPostprocessing = 0;
			shellPath = /bin/sh;
			shellScript = "diff \"${PODS_PODFILE_DIR_PATH}/Podfile.lock\" \"${PODS_ROOT}/Manifest.lock\" > /dev/null\nif [ $? != 0 ] ; then\n    # print error to STDERR\n    echo \"error: The sandbox is not in sync with the Podfile.lock. Run 'pod install' or update your CocoaPods installation.\" >&2\n    exit 1\nfi\n# This output is used by Xcode 'outputs' to avoid re-running this script phase.\necho \"SUCCESS\" > \"${SCRIPT_OUTPUT_FILE_0}\"\n";
			showEnvVarsInLog = 0;
		};
/* End PBXShellScriptBuildPhase section */

/* Begin PBXSourcesBuildPhase section */
		C02AFA1522C3EADD000CDA04 /* Sources */ = {
			isa = PBXSourcesBuildPhase;
			buildActionMask = 2147483647;
			files = (
				C02AFA2C22C3EADE000CDA04 /* main.m in Sources */,
				C02AFA5A22C4397F000CDA04 /* DetailsViewController.m in Sources */,
				C027E4AA22C598290043F5C5 /* SuperheroCollectionViewCell.m in Sources */,
				C0CC92C222C5931400880B41 /* SuperheroGridViewController.m in Sources */,
				C02AFA1E22C3EADD000CDA04 /* AppDelegate.m in Sources */,
				C02AFA6022C44496000CDA04 /* MovieCollectionCell.m in Sources */,
				C02AFA5722C41C48000CDA04 /* MovieCell.m in Sources */,
				C02AFA5022C3F65F000CDA04 /* MoviesViewController.m in Sources */,
				C02AFA5D22C44308000CDA04 /* MoviesGridViewController.m in Sources */,
			);
			runOnlyForDeploymentPostprocessing = 0;
		};
		C02AFA2D22C3EADE000CDA04 /* Sources */ = {
			isa = PBXSourcesBuildPhase;
			buildActionMask = 2147483647;
			files = (
				C02AFA3622C3EADE000CDA04 /* FlixTests.m in Sources */,
			);
			runOnlyForDeploymentPostprocessing = 0;
		};
		C02AFA3822C3EADE000CDA04 /* Sources */ = {
			isa = PBXSourcesBuildPhase;
			buildActionMask = 2147483647;
			files = (
				C02AFA4122C3EADE000CDA04 /* FlixUITests.m in Sources */,
			);
			runOnlyForDeploymentPostprocessing = 0;
		};
/* End PBXSourcesBuildPhase section */

/* Begin PBXTargetDependency section */
		C02AFA3322C3EADE000CDA04 /* PBXTargetDependency */ = {
			isa = PBXTargetDependency;
			target = C02AFA1822C3EADD000CDA04 /* Flix */;
			targetProxy = C02AFA3222C3EADE000CDA04 /* PBXContainerItemProxy */;
		};
		C02AFA3E22C3EADE000CDA04 /* PBXTargetDependency */ = {
			isa = PBXTargetDependency;
			target = C02AFA1822C3EADD000CDA04 /* Flix */;
			targetProxy = C02AFA3D22C3EADE000CDA04 /* PBXContainerItemProxy */;
		};
/* End PBXTargetDependency section */

/* Begin PBXVariantGroup section */
		C02AFA2222C3EADD000CDA04 /* Main.storyboard */ = {
			isa = PBXVariantGroup;
			children = (
				C02AFA2322C3EADD000CDA04 /* Base */,
			);
			name = Main.storyboard;
			sourceTree = "<group>";
		};
		C02AFA2722C3EADE000CDA04 /* LaunchScreen.storyboard */ = {
			isa = PBXVariantGroup;
			children = (
				C02AFA2822C3EADE000CDA04 /* Base */,
			);
			name = LaunchScreen.storyboard;
			sourceTree = "<group>";
		};
/* End PBXVariantGroup section */

/* Begin XCBuildConfiguration section */
		C02AFA4322C3EADE000CDA04 /* Debug */ = {
			isa = XCBuildConfiguration;
			buildSettings = {
				ALWAYS_SEARCH_USER_PATHS = NO;
				CLANG_ANALYZER_NONNULL = YES;
				CLANG_ANALYZER_NUMBER_OBJECT_CONVERSION = YES_AGGRESSIVE;
				CLANG_CXX_LANGUAGE_STANDARD = "gnu++14";
				CLANG_CXX_LIBRARY = "libc++";
				CLANG_ENABLE_MODULES = YES;
				CLANG_ENABLE_OBJC_ARC = YES;
				CLANG_ENABLE_OBJC_WEAK = YES;
				CLANG_WARN_BLOCK_CAPTURE_AUTORELEASING = YES;
				CLANG_WARN_BOOL_CONVERSION = YES;
				CLANG_WARN_COMMA = YES;
				CLANG_WARN_CONSTANT_CONVERSION = YES;
				CLANG_WARN_DEPRECATED_OBJC_IMPLEMENTATIONS = YES;
				CLANG_WARN_DIRECT_OBJC_ISA_USAGE = YES_ERROR;
				CLANG_WARN_DOCUMENTATION_COMMENTS = YES;
				CLANG_WARN_EMPTY_BODY = YES;
				CLANG_WARN_ENUM_CONVERSION = YES;
				CLANG_WARN_INFINITE_RECURSION = YES;
				CLANG_WARN_INT_CONVERSION = YES;
				CLANG_WARN_NON_LITERAL_NULL_CONVERSION = YES;
				CLANG_WARN_OBJC_IMPLICIT_RETAIN_SELF = YES;
				CLANG_WARN_OBJC_LITERAL_CONVERSION = YES;
				CLANG_WARN_OBJC_ROOT_CLASS = YES_ERROR;
				CLANG_WARN_RANGE_LOOP_ANALYSIS = YES;
				CLANG_WARN_STRICT_PROTOTYPES = YES;
				CLANG_WARN_SUSPICIOUS_MOVE = YES;
				CLANG_WARN_UNGUARDED_AVAILABILITY = YES_AGGRESSIVE;
				CLANG_WARN_UNREACHABLE_CODE = YES;
				CLANG_WARN__DUPLICATE_METHOD_MATCH = YES;
				CODE_SIGN_IDENTITY = "iPhone Developer";
				COPY_PHASE_STRIP = NO;
				DEBUG_INFORMATION_FORMAT = dwarf;
				ENABLE_STRICT_OBJC_MSGSEND = YES;
				ENABLE_TESTABILITY = YES;
				GCC_C_LANGUAGE_STANDARD = gnu11;
				GCC_DYNAMIC_NO_PIC = NO;
				GCC_NO_COMMON_BLOCKS = YES;
				GCC_OPTIMIZATION_LEVEL = 0;
				GCC_PREPROCESSOR_DEFINITIONS = (
					"DEBUG=1",
					"$(inherited)",
				);
				GCC_WARN_64_TO_32_BIT_CONVERSION = YES;
				GCC_WARN_ABOUT_RETURN_TYPE = YES_ERROR;
				GCC_WARN_UNDECLARED_SELECTOR = YES;
				GCC_WARN_UNINITIALIZED_AUTOS = YES_AGGRESSIVE;
				GCC_WARN_UNUSED_FUNCTION = YES;
				GCC_WARN_UNUSED_VARIABLE = YES;
				IPHONEOS_DEPLOYMENT_TARGET = 12.2;
				MTL_ENABLE_DEBUG_INFO = INCLUDE_SOURCE;
				MTL_FAST_MATH = YES;
				ONLY_ACTIVE_ARCH = YES;
				SDKROOT = iphoneos;
			};
			name = Debug;
		};
		C02AFA4422C3EADE000CDA04 /* Release */ = {
			isa = XCBuildConfiguration;
			buildSettings = {
				ALWAYS_SEARCH_USER_PATHS = NO;
				CLANG_ANALYZER_NONNULL = YES;
				CLANG_ANALYZER_NUMBER_OBJECT_CONVERSION = YES_AGGRESSIVE;
				CLANG_CXX_LANGUAGE_STANDARD = "gnu++14";
				CLANG_CXX_LIBRARY = "libc++";
				CLANG_ENABLE_MODULES = YES;
				CLANG_ENABLE_OBJC_ARC = YES;
				CLANG_ENABLE_OBJC_WEAK = YES;
				CLANG_WARN_BLOCK_CAPTURE_AUTORELEASING = YES;
				CLANG_WARN_BOOL_CONVERSION = YES;
				CLANG_WARN_COMMA = YES;
				CLANG_WARN_CONSTANT_CONVERSION = YES;
				CLANG_WARN_DEPRECATED_OBJC_IMPLEMENTATIONS = YES;
				CLANG_WARN_DIRECT_OBJC_ISA_USAGE = YES_ERROR;
				CLANG_WARN_DOCUMENTATION_COMMENTS = YES;
				CLANG_WARN_EMPTY_BODY = YES;
				CLANG_WARN_ENUM_CONVERSION = YES;
				CLANG_WARN_INFINITE_RECURSION = YES;
				CLANG_WARN_INT_CONVERSION = YES;
				CLANG_WARN_NON_LITERAL_NULL_CONVERSION = YES;
				CLANG_WARN_OBJC_IMPLICIT_RETAIN_SELF = YES;
				CLANG_WARN_OBJC_LITERAL_CONVERSION = YES;
				CLANG_WARN_OBJC_ROOT_CLASS = YES_ERROR;
				CLANG_WARN_RANGE_LOOP_ANALYSIS = YES;
				CLANG_WARN_STRICT_PROTOTYPES = YES;
				CLANG_WARN_SUSPICIOUS_MOVE = YES;
				CLANG_WARN_UNGUARDED_AVAILABILITY = YES_AGGRESSIVE;
				CLANG_WARN_UNREACHABLE_CODE = YES;
				CLANG_WARN__DUPLICATE_METHOD_MATCH = YES;
				CODE_SIGN_IDENTITY = "iPhone Developer";
				COPY_PHASE_STRIP = NO;
				DEBUG_INFORMATION_FORMAT = "dwarf-with-dsym";
				ENABLE_NS_ASSERTIONS = NO;
				ENABLE_STRICT_OBJC_MSGSEND = YES;
				GCC_C_LANGUAGE_STANDARD = gnu11;
				GCC_NO_COMMON_BLOCKS = YES;
				GCC_WARN_64_TO_32_BIT_CONVERSION = YES;
				GCC_WARN_ABOUT_RETURN_TYPE = YES_ERROR;
				GCC_WARN_UNDECLARED_SELECTOR = YES;
				GCC_WARN_UNINITIALIZED_AUTOS = YES_AGGRESSIVE;
				GCC_WARN_UNUSED_FUNCTION = YES;
				GCC_WARN_UNUSED_VARIABLE = YES;
				IPHONEOS_DEPLOYMENT_TARGET = 12.2;
				MTL_ENABLE_DEBUG_INFO = NO;
				MTL_FAST_MATH = YES;
				SDKROOT = iphoneos;
				VALIDATE_PRODUCT = YES;
			};
			name = Release;
		};
		C02AFA4622C3EADE000CDA04 /* Debug */ = {
			isa = XCBuildConfiguration;
			baseConfigurationReference = 84D19CE7399C4E11B92EC1D1 /* Pods-Flix.debug.xcconfig */;
			buildSettings = {
				ASSETCATALOG_COMPILER_APPICON_NAME = AppIcon;
				CODE_SIGN_STYLE = Automatic;
				DEVELOPMENT_TEAM = B7858TC3S4;
				INFOPLIST_FILE = Flix/Info.plist;
				LD_RUNPATH_SEARCH_PATHS = (
					"$(inherited)",
					"@executable_path/Frameworks",
				);
				PRODUCT_BUNDLE_IDENTIFIER = com.lqdlyg.Flix;
				PRODUCT_NAME = "$(TARGET_NAME)";
				TARGETED_DEVICE_FAMILY = "1,2";
			};
			name = Debug;
		};
		C02AFA4722C3EADE000CDA04 /* Release */ = {
			isa = XCBuildConfiguration;
			baseConfigurationReference = 823F3EEBD5E27701FDFDF3A0 /* Pods-Flix.release.xcconfig */;
			buildSettings = {
				ASSETCATALOG_COMPILER_APPICON_NAME = AppIcon;
				CODE_SIGN_STYLE = Automatic;
				DEVELOPMENT_TEAM = B7858TC3S4;
				INFOPLIST_FILE = Flix/Info.plist;
				LD_RUNPATH_SEARCH_PATHS = (
					"$(inherited)",
					"@executable_path/Frameworks",
				);
				PRODUCT_BUNDLE_IDENTIFIER = com.lqdlyg.Flix;
				PRODUCT_NAME = "$(TARGET_NAME)";
				TARGETED_DEVICE_FAMILY = "1,2";
			};
			name = Release;
		};
		C02AFA4922C3EADE000CDA04 /* Debug */ = {
			isa = XCBuildConfiguration;
			baseConfigurationReference = 56E0A136EE0C631984F3A343 /* Pods-FlixTests.debug.xcconfig */;
			buildSettings = {
				BUNDLE_LOADER = "$(TEST_HOST)";
				CODE_SIGN_STYLE = Automatic;
				DEVELOPMENT_TEAM = B7858TC3S4;
				INFOPLIST_FILE = FlixTests/Info.plist;
				LD_RUNPATH_SEARCH_PATHS = (
					"$(inherited)",
					"@executable_path/Frameworks",
					"@loader_path/Frameworks",
				);
				PRODUCT_BUNDLE_IDENTIFIER = com.lqdlyg.FlixTests;
				PRODUCT_NAME = "$(TARGET_NAME)";
				TARGETED_DEVICE_FAMILY = "1,2";
				TEST_HOST = "$(BUILT_PRODUCTS_DIR)/Flix.app/Flix";
			};
			name = Debug;
		};
		C02AFA4A22C3EADE000CDA04 /* Release */ = {
			isa = XCBuildConfiguration;
			baseConfigurationReference = D7047480E012E12BFB2A16AF /* Pods-FlixTests.release.xcconfig */;
			buildSettings = {
				BUNDLE_LOADER = "$(TEST_HOST)";
				CODE_SIGN_STYLE = Automatic;
				DEVELOPMENT_TEAM = B7858TC3S4;
				INFOPLIST_FILE = FlixTests/Info.plist;
				LD_RUNPATH_SEARCH_PATHS = (
					"$(inherited)",
					"@executable_path/Frameworks",
					"@loader_path/Frameworks",
				);
				PRODUCT_BUNDLE_IDENTIFIER = com.lqdlyg.FlixTests;
				PRODUCT_NAME = "$(TARGET_NAME)";
				TARGETED_DEVICE_FAMILY = "1,2";
				TEST_HOST = "$(BUILT_PRODUCTS_DIR)/Flix.app/Flix";
			};
			name = Release;
		};
		C02AFA4C22C3EADE000CDA04 /* Debug */ = {
			isa = XCBuildConfiguration;
			baseConfigurationReference = 19559693507E8046021D86B1 /* Pods-FlixUITests.debug.xcconfig */;
			buildSettings = {
				CODE_SIGN_STYLE = Automatic;
				DEVELOPMENT_TEAM = B7858TC3S4;
				INFOPLIST_FILE = FlixUITests/Info.plist;
				LD_RUNPATH_SEARCH_PATHS = (
					"$(inherited)",
					"@executable_path/Frameworks",
					"@loader_path/Frameworks",
				);
				PRODUCT_BUNDLE_IDENTIFIER = com.lqdlyg.FlixUITests;
				PRODUCT_NAME = "$(TARGET_NAME)";
				TARGETED_DEVICE_FAMILY = "1,2";
				TEST_TARGET_NAME = Flix;
			};
			name = Debug;
		};
		C02AFA4D22C3EADE000CDA04 /* Release */ = {
			isa = XCBuildConfiguration;
			baseConfigurationReference = 427EF9CACA5C1028F9DFD6B5 /* Pods-FlixUITests.release.xcconfig */;
			buildSettings = {
				CODE_SIGN_STYLE = Automatic;
				DEVELOPMENT_TEAM = B7858TC3S4;
				INFOPLIST_FILE = FlixUITests/Info.plist;
				LD_RUNPATH_SEARCH_PATHS = (
					"$(inherited)",
					"@executable_path/Frameworks",
					"@loader_path/Frameworks",
				);
				PRODUCT_BUNDLE_IDENTIFIER = com.lqdlyg.FlixUITests;
				PRODUCT_NAME = "$(TARGET_NAME)";
				TARGETED_DEVICE_FAMILY = "1,2";
				TEST_TARGET_NAME = Flix;
			};
			name = Release;
		};
/* End XCBuildConfiguration section */

/* Begin XCConfigurationList section */
		C02AFA1422C3EADD000CDA04 /* Build configuration list for PBXProject "Flix" */ = {
			isa = XCConfigurationList;
			buildConfigurations = (
				C02AFA4322C3EADE000CDA04 /* Debug */,
				C02AFA4422C3EADE000CDA04 /* Release */,
			);
			defaultConfigurationIsVisible = 0;
			defaultConfigurationName = Release;
		};
		C02AFA4522C3EADE000CDA04 /* Build configuration list for PBXNativeTarget "Flix" */ = {
			isa = XCConfigurationList;
			buildConfigurations = (
				C02AFA4622C3EADE000CDA04 /* Debug */,
				C02AFA4722C3EADE000CDA04 /* Release */,
			);
			defaultConfigurationIsVisible = 0;
			defaultConfigurationName = Release;
		};
		C02AFA4822C3EADE000CDA04 /* Build configuration list for PBXNativeTarget "FlixTests" */ = {
			isa = XCConfigurationList;
			buildConfigurations = (
				C02AFA4922C3EADE000CDA04 /* Debug */,
				C02AFA4A22C3EADE000CDA04 /* Release */,
			);
			defaultConfigurationIsVisible = 0;
			defaultConfigurationName = Release;
		};
		C02AFA4B22C3EADE000CDA04 /* Build configuration list for PBXNativeTarget "FlixUITests" */ = {
			isa = XCConfigurationList;
			buildConfigurations = (
				C02AFA4C22C3EADE000CDA04 /* Debug */,
				C02AFA4D22C3EADE000CDA04 /* Release */,
			);
			defaultConfigurationIsVisible = 0;
			defaultConfigurationName = Release;
		};
/* End XCConfigurationList section */
	};
	rootObject = C02AFA1122C3EADD000CDA04 /* Project object */;
}
